<Solution>
  <Folder Name="/Solution Items/">
    <File Path="../debug.bat" />
    <File Path="../LICENSE.md" />
    <File Path="../NUGET.md" />
    <File Path="../README.md" />
    <File Path="../release.bat" />
    <File Path=".editorconfig" />
    <File Path="Skybrud.Essentials.Umbraco.sln.DotSettings" />
  </Folder>
  <Project Path="Skybrud.Essentials.Umbraco/Skybrud.Essentials.Umbraco.csproj" />
  <Project Path="TestProject1/TestProject1.csproj" Id="f869d7a2-277f-404e-9658-57658d946f17" />
</Solution>
